// !$*UTF8*$!
{
	archiveVersion = 1;
	classes = {
	};
	objectVersion = 46;
	objects = {

/* Begin PBXBuildFile section */
		21A6C6BED0EA48B1D7AC6136 /* libPods-CancerNavigator.a in Frameworks */ = {isa = PBXBuildFile; fileRef = 0A9707933470A15B9A8BD03A /* libPods-CancerNavigator.a */; };
		423D89581AEC1A53004EB467 /* AppDelegate.swift in Sources */ = {isa = PBXBuildFile; fileRef = 423D89571AEC1A53004EB467 /* AppDelegate.swift */; };
		423D895A1AEC1A53004EB467 /* ViewController.swift in Sources */ = {isa = PBXBuildFile; fileRef = 423D89591AEC1A53004EB467 /* ViewController.swift */; };
		423D895D1AEC1A53004EB467 /* Main.storyboard in Resources */ = {isa = PBXBuildFile; fileRef = 423D895B1AEC1A53004EB467 /* Main.storyboard */; };
		423D895F1AEC1A53004EB467 /* Images.xcassets in Resources */ = {isa = PBXBuildFile; fileRef = 423D895E1AEC1A53004EB467 /* Images.xcassets */; };
		423D89621AEC1A53004EB467 /* LaunchScreen.xib in Resources */ = {isa = PBXBuildFile; fileRef = 423D89601AEC1A53004EB467 /* LaunchScreen.xib */; };
		423D896E1AEC1A53004EB467 /* CancerNavigatorTests.swift in Sources */ = {isa = PBXBuildFile; fileRef = 423D896D1AEC1A53004EB467 /* CancerNavigatorTests.swift */; };
		423D89781AEC2076004EB467 /* WelcomeViewController.swift in Sources */ = {isa = PBXBuildFile; fileRef = 423D89771AEC2076004EB467 /* WelcomeViewController.swift */; };
		423D897A1AEC2084004EB467 /* RoadmapViewController.swift in Sources */ = {isa = PBXBuildFile; fileRef = 423D89791AEC2084004EB467 /* RoadmapViewController.swift */; };
		423D897C1AEC208D004EB467 /* TimelineViewController.swift in Sources */ = {isa = PBXBuildFile; fileRef = 423D897B1AEC208D004EB467 /* TimelineViewController.swift */; };
		423D89821AEC20B6004EB467 /* NodeDetailViewController.swift in Sources */ = {isa = PBXBuildFile; fileRef = 423D89811AEC20B6004EB467 /* NodeDetailViewController.swift */; };
		423D89B41AEC2969004EB467 /* TimelineViewController.xib in Resources */ = {isa = PBXBuildFile; fileRef = 423D89B31AEC2969004EB467 /* TimelineViewController.xib */; };
		423D89B61AEC2974004EB467 /* NodeDetailViewController.xib in Resources */ = {isa = PBXBuildFile; fileRef = 423D89B51AEC2974004EB467 /* NodeDetailViewController.xib */; };
		423D89B81AEC297B004EB467 /* RoadmapViewController.xib in Resources */ = {isa = PBXBuildFile; fileRef = 423D89B71AEC297B004EB467 /* RoadmapViewController.xib */; };
		423D89BD1AEC45BD004EB467 /* Math.m in Sources */ = {isa = PBXBuildFile; fileRef = 423D89BC1AEC45BD004EB467 /* Math.m */; };
/* End PBXBuildFile section */

/* Begin PBXContainerItemProxy section */
		423D89681AEC1A53004EB467 /* PBXContainerItemProxy */ = {
			isa = PBXContainerItemProxy;
			containerPortal = 423D894A1AEC1A52004EB467 /* Project object */;
			proxyType = 1;
			remoteGlobalIDString = 423D89511AEC1A52004EB467;
			remoteInfo = CancerNavigator;
		};
/* End PBXContainerItemProxy section */

/* Begin PBXFileReference section */
		0A9707933470A15B9A8BD03A /* libPods-CancerNavigator.a */ = {isa = PBXFileReference; explicitFileType = archive.ar; includeInIndex = 0; path = "libPods-CancerNavigator.a"; sourceTree = BUILT_PRODUCTS_DIR; };
		423D89521AEC1A52004EB467 /* CancerNavigator.app */ = {isa = PBXFileReference; explicitFileType = wrapper.application; includeInIndex = 0; path = CancerNavigator.app; sourceTree = BUILT_PRODUCTS_DIR; };
		423D89561AEC1A52004EB467 /* Info.plist */ = {isa = PBXFileReference; lastKnownFileType = text.plist.xml; path = Info.plist; sourceTree = "<group>"; };
		423D89571AEC1A53004EB467 /* AppDelegate.swift */ = {isa = PBXFileReference; lastKnownFileType = sourcecode.swift; path = AppDelegate.swift; sourceTree = "<group>"; };
		423D89591AEC1A53004EB467 /* ViewController.swift */ = {isa = PBXFileReference; lastKnownFileType = sourcecode.swift; path = ViewController.swift; sourceTree = "<group>"; };
		423D895C1AEC1A53004EB467 /* Base */ = {isa = PBXFileReference; lastKnownFileType = file.storyboard; name = Base; path = Base.lproj/Main.storyboard; sourceTree = "<group>"; };
		423D895E1AEC1A53004EB467 /* Images.xcassets */ = {isa = PBXFileReference; lastKnownFileType = folder.assetcatalog; path = Images.xcassets; sourceTree = "<group>"; };
		423D89611AEC1A53004EB467 /* Base */ = {isa = PBXFileReference; lastKnownFileType = file.xib; name = Base; path = Base.lproj/LaunchScreen.xib; sourceTree = "<group>"; };
		423D89671AEC1A53004EB467 /* CancerNavigatorTests.xctest */ = {isa = PBXFileReference; explicitFileType = wrapper.cfbundle; includeInIndex = 0; path = CancerNavigatorTests.xctest; sourceTree = BUILT_PRODUCTS_DIR; };
		423D896C1AEC1A53004EB467 /* Info.plist */ = {isa = PBXFileReference; lastKnownFileType = text.plist.xml; path = Info.plist; sourceTree = "<group>"; };
		423D896D1AEC1A53004EB467 /* CancerNavigatorTests.swift */ = {isa = PBXFileReference; lastKnownFileType = sourcecode.swift; path = CancerNavigatorTests.swift; sourceTree = "<group>"; };
		423D89771AEC2076004EB467 /* WelcomeViewController.swift */ = {isa = PBXFileReference; fileEncoding = 4; lastKnownFileType = sourcecode.swift; path = WelcomeViewController.swift; sourceTree = "<group>"; };
		423D89791AEC2084004EB467 /* RoadmapViewController.swift */ = {isa = PBXFileReference; fileEncoding = 4; lastKnownFileType = sourcecode.swift; path = RoadmapViewController.swift; sourceTree = "<group>"; };
		423D897B1AEC208D004EB467 /* TimelineViewController.swift */ = {isa = PBXFileReference; fileEncoding = 4; lastKnownFileType = sourcecode.swift; path = TimelineViewController.swift; sourceTree = "<group>"; };
		423D89811AEC20B6004EB467 /* NodeDetailViewController.swift */ = {isa = PBXFileReference; fileEncoding = 4; lastKnownFileType = sourcecode.swift; path = NodeDetailViewController.swift; sourceTree = "<group>"; };
		423D89B31AEC2969004EB467 /* TimelineViewController.xib */ = {isa = PBXFileReference; fileEncoding = 4; lastKnownFileType = file.xib; path = TimelineViewController.xib; sourceTree = "<group>"; };
		423D89B51AEC2974004EB467 /* NodeDetailViewController.xib */ = {isa = PBXFileReference; fileEncoding = 4; lastKnownFileType = file.xib; path = NodeDetailViewController.xib; sourceTree = "<group>"; };
		423D89B71AEC297B004EB467 /* RoadmapViewController.xib */ = {isa = PBXFileReference; fileEncoding = 4; lastKnownFileType = file.xib; path = RoadmapViewController.xib; sourceTree = "<group>"; };
		423D89BB1AEC45BC004EB467 /* CancerNavigator-Bridging-Header.h */ = {isa = PBXFileReference; lastKnownFileType = sourcecode.c.h; path = "CancerNavigator-Bridging-Header.h"; sourceTree = "<group>"; };
		423D89BC1AEC45BD004EB467 /* Math.m */ = {isa = PBXFileReference; fileEncoding = 4; lastKnownFileType = sourcecode.c.objc; path = Math.m; sourceTree = "<group>"; };
		423D89BE1AEC45CC004EB467 /* Math.h */ = {isa = PBXFileReference; lastKnownFileType = sourcecode.c.h; path = Math.h; sourceTree = "<group>"; };
		73882DDD796B2237CDD9F3B3 /* Pods-CancerNavigator.release.xcconfig */ = {isa = PBXFileReference; includeInIndex = 1; lastKnownFileType = text.xcconfig; name = "Pods-CancerNavigator.release.xcconfig"; path = "Pods/Target Support Files/Pods-CancerNavigator/Pods-CancerNavigator.release.xcconfig"; sourceTree = "<group>"; };
		A7A4A6696F864F18B6A5330F /* Pods-CancerNavigator.debug.xcconfig */ = {isa = PBXFileReference; includeInIndex = 1; lastKnownFileType = text.xcconfig; name = "Pods-CancerNavigator.debug.xcconfig"; path = "Pods/Target Support Files/Pods-CancerNavigator/Pods-CancerNavigator.debug.xcconfig"; sourceTree = "<group>"; };
/* End PBXFileReference section */

/* Begin PBXFrameworksBuildPhase section */
		423D894F1AEC1A52004EB467 /* Frameworks */ = {
			isa = PBXFrameworksBuildPhase;
			buildActionMask = 2147483647;
			files = (
				21A6C6BED0EA48B1D7AC6136 /* libPods-CancerNavigator.a in Frameworks */,
			);
			runOnlyForDeploymentPostprocessing = 0;
		};
		423D89641AEC1A53004EB467 /* Frameworks */ = {
			isa = PBXFrameworksBuildPhase;
			buildActionMask = 2147483647;
			files = (
			);
			runOnlyForDeploymentPostprocessing = 0;
		};
/* End PBXFrameworksBuildPhase section */

/* Begin PBXGroup section */
		30C9FBCF0B0C6134E6D314DD /* Pods */ = {
			isa = PBXGroup;
			children = (
				A7A4A6696F864F18B6A5330F /* Pods-CancerNavigator.debug.xcconfig */,
				73882DDD796B2237CDD9F3B3 /* Pods-CancerNavigator.release.xcconfig */,
			);
			name = Pods;
			sourceTree = "<group>";
		};
		423D89491AEC1A52004EB467 = {
			isa = PBXGroup;
			children = (
				423D89541AEC1A52004EB467 /* CancerNavigator */,
				423D896A1AEC1A53004EB467 /* CancerNavigatorTests */,
				423D89531AEC1A52004EB467 /* Products */,
				30C9FBCF0B0C6134E6D314DD /* Pods */,
				92425683E69E948BAEA7D485 /* Frameworks */,
			);
			sourceTree = "<group>";
		};
		423D89531AEC1A52004EB467 /* Products */ = {
			isa = PBXGroup;
			children = (
				423D89521AEC1A52004EB467 /* CancerNavigator.app */,
				423D89671AEC1A53004EB467 /* CancerNavigatorTests.xctest */,
			);
			name = Products;
			sourceTree = "<group>";
		};
		423D89541AEC1A52004EB467 /* CancerNavigator */ = {
			isa = PBXGroup;
			children = (
				423D89BA1AEC459B004EB467 /* Objective-C */,
				423D89B91AEC2A4E004EB467 /* NIBs */,
				423D89801AEC20A1004EB467 /* Services */,
				423D897F1AEC209B004EB467 /* Models */,
				423D897E1AEC2096004EB467 /* Views */,
				423D897D1AEC2091004EB467 /* ViewControllers */,
				423D89571AEC1A53004EB467 /* AppDelegate.swift */,
				423D895B1AEC1A53004EB467 /* Main.storyboard */,
				423D895E1AEC1A53004EB467 /* Images.xcassets */,
				423D89601AEC1A53004EB467 /* LaunchScreen.xib */,
				423D89551AEC1A52004EB467 /* Supporting Files */,
			);
			path = CancerNavigator;
			sourceTree = "<group>";
		};
		423D89551AEC1A52004EB467 /* Supporting Files */ = {
			isa = PBXGroup;
			children = (
				423D89561AEC1A52004EB467 /* Info.plist */,
			);
			name = "Supporting Files";
			sourceTree = "<group>";
		};
		423D896A1AEC1A53004EB467 /* CancerNavigatorTests */ = {
			isa = PBXGroup;
			children = (
				423D896D1AEC1A53004EB467 /* CancerNavigatorTests.swift */,
				423D896B1AEC1A53004EB467 /* Supporting Files */,
			);
			path = CancerNavigatorTests;
			sourceTree = "<group>";
		};
		423D896B1AEC1A53004EB467 /* Supporting Files */ = {
			isa = PBXGroup;
			children = (
				423D896C1AEC1A53004EB467 /* Info.plist */,
			);
			name = "Supporting Files";
			sourceTree = "<group>";
		};
		423D897D1AEC2091004EB467 /* ViewControllers */ = {
			isa = PBXGroup;
			children = (
				423D89591AEC1A53004EB467 /* ViewController.swift */,
				423D89771AEC2076004EB467 /* WelcomeViewController.swift */,
				423D89791AEC2084004EB467 /* RoadmapViewController.swift */,
				423D897B1AEC208D004EB467 /* TimelineViewController.swift */,
				423D89811AEC20B6004EB467 /* NodeDetailViewController.swift */,
			);
			name = ViewControllers;
			sourceTree = "<group>";
		};
		423D897E1AEC2096004EB467 /* Views */ = {
			isa = PBXGroup;
			children = (
			);
			name = Views;
			sourceTree = "<group>";
		};
		423D897F1AEC209B004EB467 /* Models */ = {
			isa = PBXGroup;
			children = (
			);
			name = Models;
			sourceTree = "<group>";
		};
		423D89801AEC20A1004EB467 /* Services */ = {
			isa = PBXGroup;
			children = (
			);
			name = Services;
			sourceTree = "<group>";
		};
		423D89B91AEC2A4E004EB467 /* NIBs */ = {
			isa = PBXGroup;
			children = (
				423D89B31AEC2969004EB467 /* TimelineViewController.xib */,
				423D89B51AEC2974004EB467 /* NodeDetailViewController.xib */,
				423D89B71AEC297B004EB467 /* RoadmapViewController.xib */,
			);
			name = NIBs;
			sourceTree = "<group>";
		};
		423D89BA1AEC459B004EB467 /* Objective-C */ = {
			isa = PBXGroup;
			children = (
				423D89BC1AEC45BD004EB467 /* Math.m */,
				423D89BB1AEC45BC004EB467 /* CancerNavigator-Bridging-Header.h */,
				423D89BE1AEC45CC004EB467 /* Math.h */,
			);
			name = "Objective-C";
			sourceTree = "<group>";
		};
		92425683E69E948BAEA7D485 /* Frameworks */ = {
			isa = PBXGroup;
			children = (
				0A9707933470A15B9A8BD03A /* libPods-CancerNavigator.a */,
			);
			name = Frameworks;
			sourceTree = "<group>";
		};
/* End PBXGroup section */

/* Begin PBXNativeTarget section */
		423D89511AEC1A52004EB467 /* CancerNavigator */ = {
			isa = PBXNativeTarget;
			buildConfigurationList = 423D89711AEC1A53004EB467 /* Build configuration list for PBXNativeTarget "CancerNavigator" */;
			buildPhases = (
				17CC406227FFFFF97FDF03E0 /* Check Pods Manifest.lock */,
				423D894E1AEC1A52004EB467 /* Sources */,
				423D894F1AEC1A52004EB467 /* Frameworks */,
				423D89501AEC1A52004EB467 /* Resources */,
				93F60A0E23D5F76F9AC2536B /* Copy Pods Resources */,
			);
			buildRules = (
			);
			dependencies = (
			);
			name = CancerNavigator;
			productName = CancerNavigator;
			productReference = 423D89521AEC1A52004EB467 /* CancerNavigator.app */;
			productType = "com.apple.product-type.application";
		};
		423D89661AEC1A53004EB467 /* CancerNavigatorTests */ = {
			isa = PBXNativeTarget;
			buildConfigurationList = 423D89741AEC1A53004EB467 /* Build configuration list for PBXNativeTarget "CancerNavigatorTests" */;
			buildPhases = (
				423D89631AEC1A53004EB467 /* Sources */,
				423D89641AEC1A53004EB467 /* Frameworks */,
				423D89651AEC1A53004EB467 /* Resources */,
			);
			buildRules = (
			);
			dependencies = (
				423D89691AEC1A53004EB467 /* PBXTargetDependency */,
			);
			name = CancerNavigatorTests;
			productName = CancerNavigatorTests;
			productReference = 423D89671AEC1A53004EB467 /* CancerNavigatorTests.xctest */;
			productType = "com.apple.product-type.bundle.unit-test";
		};
/* End PBXNativeTarget section */

/* Begin PBXProject section */
		423D894A1AEC1A52004EB467 /* Project object */ = {
			isa = PBXProject;
			attributes = {
				LastUpgradeCheck = 0620;
				ORGANIZATIONNAME = "David Young-chan Kay";
				TargetAttributes = {
					423D89511AEC1A52004EB467 = {
						CreatedOnToolsVersion = 6.2;
					};
					423D89661AEC1A53004EB467 = {
						CreatedOnToolsVersion = 6.2;
						TestTargetID = 423D89511AEC1A52004EB467;
					};
				};
			};
			buildConfigurationList = 423D894D1AEC1A52004EB467 /* Build configuration list for PBXProject "CancerNavigator" */;
			compatibilityVersion = "Xcode 3.2";
			developmentRegion = English;
			hasScannedForEncodings = 0;
			knownRegions = (
				en,
				Base,
			);
			mainGroup = 423D89491AEC1A52004EB467;
			productRefGroup = 423D89531AEC1A52004EB467 /* Products */;
			projectDirPath = "";
			projectRoot = "";
			targets = (
				423D89511AEC1A52004EB467 /* CancerNavigator */,
				423D89661AEC1A53004EB467 /* CancerNavigatorTests */,
			);
		};
/* End PBXProject section */

/* Begin PBXResourcesBuildPhase section */
		423D89501AEC1A52004EB467 /* Resources */ = {
			isa = PBXResourcesBuildPhase;
			buildActionMask = 2147483647;
			files = (
				423D895D1AEC1A53004EB467 /* Main.storyboard in Resources */,
				423D89B61AEC2974004EB467 /* NodeDetailViewController.xib in Resources */,
				423D89B41AEC2969004EB467 /* TimelineViewController.xib in Resources */,
				423D89621AEC1A53004EB467 /* LaunchScreen.xib in Resources */,
				423D895F1AEC1A53004EB467 /* Images.xcassets in Resources */,
				423D89B81AEC297B004EB467 /* RoadmapViewController.xib in Resources */,
			);
			runOnlyForDeploymentPostprocessing = 0;
		};
		423D89651AEC1A53004EB467 /* Resources */ = {
			isa = PBXResourcesBuildPhase;
			buildActionMask = 2147483647;
			files = (
			);
			runOnlyForDeploymentPostprocessing = 0;
		};
/* End PBXResourcesBuildPhase section */

/* Begin PBXShellScriptBuildPhase section */
		17CC406227FFFFF97FDF03E0 /* Check Pods Manifest.lock */ = {
			isa = PBXShellScriptBuildPhase;
			buildActionMask = 2147483647;
			files = (
			);
			inputPaths = (
			);
			name = "Check Pods Manifest.lock";
			outputPaths = (
			);
			runOnlyForDeploymentPostprocessing = 0;
			shellPath = /bin/sh;
			shellScript = "diff \"${PODS_ROOT}/../Podfile.lock\" \"${PODS_ROOT}/Manifest.lock\" > /dev/null\nif [[ $? != 0 ]] ; then\n    cat << EOM\nerror: The sandbox is not in sync with the Podfile.lock. Run 'pod install' or update your CocoaPods installation.\nEOM\n    exit 1\nfi\n";
			showEnvVarsInLog = 0;
		};
		93F60A0E23D5F76F9AC2536B /* Copy Pods Resources */ = {
			isa = PBXShellScriptBuildPhase;
			buildActionMask = 2147483647;
			files = (
			);
			inputPaths = (
			);
			name = "Copy Pods Resources";
			outputPaths = (
			);
			runOnlyForDeploymentPostprocessing = 0;
			shellPath = /bin/sh;
			shellScript = "\"${SRCROOT}/Pods/Target Support Files/Pods-CancerNavigator/Pods-CancerNavigator-resources.sh\"\n";
			showEnvVarsInLog = 0;
		};
/* End PBXShellScriptBuildPhase section */

/* Begin PBXSourcesBuildPhase section */
		423D894E1AEC1A52004EB467 /* Sources */ = {
			isa = PBXSourcesBuildPhase;
			buildActionMask = 2147483647;
			files = (
				423D89781AEC2076004EB467 /* WelcomeViewController.swift in Sources */,
				423D89821AEC20B6004EB467 /* NodeDetailViewController.swift in Sources */,
				423D89BD1AEC45BD004EB467 /* Math.m in Sources */,
				423D897A1AEC2084004EB467 /* RoadmapViewController.swift in Sources */,
				423D895A1AEC1A53004EB467 /* ViewController.swift in Sources */,
				423D89581AEC1A53004EB467 /* AppDelegate.swift in Sources */,
				423D897C1AEC208D004EB467 /* TimelineViewController.swift in Sources */,
			);
			runOnlyForDeploymentPostprocessing = 0;
		};
		423D89631AEC1A53004EB467 /* Sources */ = {
			isa = PBXSourcesBuildPhase;
			buildActionMask = 2147483647;
			files = (
				423D896E1AEC1A53004EB467 /* CancerNavigatorTests.swift in Sources */,
			);
			runOnlyForDeploymentPostprocessing = 0;
		};
/* End PBXSourcesBuildPhase section */

/* Begin PBXTargetDependency section */
		423D89691AEC1A53004EB467 /* PBXTargetDependency */ = {
			isa = PBXTargetDependency;
			target = 423D89511AEC1A52004EB467 /* CancerNavigator */;
			targetProxy = 423D89681AEC1A53004EB467 /* PBXContainerItemProxy */;
		};
/* End PBXTargetDependency section */

/* Begin PBXVariantGroup section */
		423D895B1AEC1A53004EB467 /* Main.storyboard */ = {
			isa = PBXVariantGroup;
			children = (
				423D895C1AEC1A53004EB467 /* Base */,
			);
			name = Main.storyboard;
			sourceTree = "<group>";
		};
		423D89601AEC1A53004EB467 /* LaunchScreen.xib */ = {
			isa = PBXVariantGroup;
			children = (
				423D89611AEC1A53004EB467 /* Base */,
			);
			name = LaunchScreen.xib;
			sourceTree = "<group>";
		};
/* End PBXVariantGroup section */

/* Begin XCBuildConfiguration section */
		423D896F1AEC1A53004EB467 /* Debug */ = {
			isa = XCBuildConfiguration;
			buildSettings = {
				ALWAYS_SEARCH_USER_PATHS = NO;
				CLANG_CXX_LANGUAGE_STANDARD = "gnu++0x";
				CLANG_CXX_LIBRARY = "libc++";
				CLANG_ENABLE_MODULES = YES;
				CLANG_ENABLE_OBJC_ARC = YES;
				CLANG_WARN_BOOL_CONVERSION = YES;
				CLANG_WARN_CONSTANT_CONVERSION = YES;
				CLANG_WARN_DIRECT_OBJC_ISA_USAGE = YES_ERROR;
				CLANG_WARN_EMPTY_BODY = YES;
				CLANG_WARN_ENUM_CONVERSION = YES;
				CLANG_WARN_INT_CONVERSION = YES;
				CLANG_WARN_OBJC_ROOT_CLASS = YES_ERROR;
				CLANG_WARN_UNREACHABLE_CODE = YES;
				CLANG_WARN__DUPLICATE_METHOD_MATCH = YES;
				"CODE_SIGN_IDENTITY[sdk=iphoneos*]" = "iPhone Developer";
				COPY_PHASE_STRIP = NO;
				ENABLE_STRICT_OBJC_MSGSEND = YES;
				GCC_C_LANGUAGE_STANDARD = gnu99;
				GCC_DYNAMIC_NO_PIC = NO;
				GCC_OPTIMIZATION_LEVEL = 0;
				GCC_PREPROCESSOR_DEFINITIONS = (
					"DEBUG=1",
					"$(inherited)",
				);
				GCC_SYMBOLS_PRIVATE_EXTERN = NO;
				GCC_WARN_64_TO_32_BIT_CONVERSION = YES;
				GCC_WARN_ABOUT_RETURN_TYPE = YES_ERROR;
				GCC_WARN_UNDECLARED_SELECTOR = YES;
				GCC_WARN_UNINITIALIZED_AUTOS = YES_AGGRESSIVE;
				GCC_WARN_UNUSED_FUNCTION = YES;
				GCC_WARN_UNUSED_VARIABLE = YES;
				IPHONEOS_DEPLOYMENT_TARGET = 8.2;
				MTL_ENABLE_DEBUG_INFO = YES;
				ONLY_ACTIVE_ARCH = YES;
				SDKROOT = iphoneos;
				SWIFT_OPTIMIZATION_LEVEL = "-Onone";
			};
			name = Debug;
		};
		423D89701AEC1A53004EB467 /* Release */ = {
			isa = XCBuildConfiguration;
			buildSettings = {
				ALWAYS_SEARCH_USER_PATHS = NO;
				CLANG_CXX_LANGUAGE_STANDARD = "gnu++0x";
				CLANG_CXX_LIBRARY = "libc++";
				CLANG_ENABLE_MODULES = YES;
				CLANG_ENABLE_OBJC_ARC = YES;
				CLANG_WARN_BOOL_CONVERSION = YES;
				CLANG_WARN_CONSTANT_CONVERSION = YES;
				CLANG_WARN_DIRECT_OBJC_ISA_USAGE = YES_ERROR;
				CLANG_WARN_EMPTY_BODY = YES;
				CLANG_WARN_ENUM_CONVERSION = YES;
				CLANG_WARN_INT_CONVERSION = YES;
				CLANG_WARN_OBJC_ROOT_CLASS = YES_ERROR;
				CLANG_WARN_UNREACHABLE_CODE = YES;
				CLANG_WARN__DUPLICATE_METHOD_MATCH = YES;
				"CODE_SIGN_IDENTITY[sdk=iphoneos*]" = "iPhone Developer";
				COPY_PHASE_STRIP = NO;
				ENABLE_NS_ASSERTIONS = NO;
				ENABLE_STRICT_OBJC_MSGSEND = YES;
				GCC_C_LANGUAGE_STANDARD = gnu99;
				GCC_WARN_64_TO_32_BIT_CONVERSION = YES;
				GCC_WARN_ABOUT_RETURN_TYPE = YES_ERROR;
				GCC_WARN_UNDECLARED_SELECTOR = YES;
				GCC_WARN_UNINITIALIZED_AUTOS = YES_AGGRESSIVE;
				GCC_WARN_UNUSED_FUNCTION = YES;
				GCC_WARN_UNUSED_VARIABLE = YES;
				IPHONEOS_DEPLOYMENT_TARGET = 8.2;
				MTL_ENABLE_DEBUG_INFO = NO;
				SDKROOT = iphoneos;
				VALIDATE_PRODUCT = YES;
			};
			name = Release;
		};
		423D89721AEC1A53004EB467 /* Debug */ = {
			isa = XCBuildConfiguration;
			baseConfigurationReference = A7A4A6696F864F18B6A5330F /* Pods-CancerNavigator.debug.xcconfig */;
			buildSettings = {
				ASSETCATALOG_COMPILER_APPICON_NAME = AppIcon;
				CLANG_ENABLE_MODULES = YES;
				INFOPLIST_FILE = CancerNavigator/Info.plist;
				LD_RUNPATH_SEARCH_PATHS = "$(inherited) @executable_path/Frameworks";
				PRODUCT_NAME = "$(TARGET_NAME)";
				SWIFT_OBJC_BRIDGING_HEADER = "CancerNavigator/CancerNavigator-Bridging-Header.h";
				SWIFT_OPTIMIZATION_LEVEL = "-Onone";
			};
			name = Debug;
		};
		423D89731AEC1A53004EB467 /* Release */ = {
			isa = XCBuildConfiguration;
			baseConfigurationReference = 73882DDD796B2237CDD9F3B3 /* Pods-CancerNavigator.release.xcconfig */;
			buildSettings = {
				ASSETCATALOG_COMPILER_APPICON_NAME = AppIcon;
				CLANG_ENABLE_MODULES = YES;
				INFOPLIST_FILE = CancerNavigator/Info.plist;
				LD_RUNPATH_SEARCH_PATHS = "$(inherited) @executable_path/Frameworks";
				PRODUCT_NAME = "$(TARGET_NAME)";
				SWIFT_OBJC_BRIDGING_HEADER = "CancerNavigator/CancerNavigator-Bridging-Header.h";
			};
			name = Release;
		};
		423D89751AEC1A53004EB467 /* Debug */ = {
			isa = XCBuildConfiguration;
			buildSettings = {
				BUNDLE_LOADER = "$(TEST_HOST)";
				FRAMEWORK_SEARCH_PATHS = (
					"$(SDKROOT)/Developer/Library/Frameworks",
					"$(inherited)",
				);
				GCC_PREPROCESSOR_DEFINITIONS = (
					"DEBUG=1",
					"$(inherited)",
				);
				INFOPLIST_FILE = CancerNavigatorTests/Info.plist;
				LD_RUNPATH_SEARCH_PATHS = "$(inherited) @executable_path/Frameworks @loader_path/Frameworks";
				PRODUCT_NAME = "$(TARGET_NAME)";
				TEST_HOST = "$(BUILT_PRODUCTS_DIR)/CancerNavigator.app/CancerNavigator";
			};
			name = Debug;
		};
		423D89761AEC1A53004EB467 /* Release */ = {
			isa = XCBuildConfiguration;
			buildSettings = {
				BUNDLE_LOADER = "$(TEST_HOST)";
				FRAMEWORK_SEARCH_PATHS = (
					"$(SDKROOT)/Developer/Library/Frameworks",
					"$(inherited)",
				);
				INFOPLIST_FILE = CancerNavigatorTests/Info.plist;
				LD_RUNPATH_SEARCH_PATHS = "$(inherited) @executable_path/Frameworks @loader_path/Frameworks";
				PRODUCT_NAME = "$(TARGET_NAME)";
				TEST_HOST = "$(BUILT_PRODUCTS_DIR)/CancerNavigator.app/CancerNavigator";
			};
			name = Release;
		};
/* End XCBuildConfiguration section */

/* Begin XCConfigurationList section */
		423D894D1AEC1A52004EB467 /* Build configuration list for PBXProject "CancerNavigator" */ = {
			isa = XCConfigurationList;
			buildConfigurations = (
				423D896F1AEC1A53004EB467 /* Debug */,
				423D89701AEC1A53004EB467 /* Release */,
			);
			defaultConfigurationIsVisible = 0;
			defaultConfigurationName = Release;
		};
		423D89711AEC1A53004EB467 /* Build configuration list for PBXNativeTarget "CancerNavigator" */ = {
			isa = XCConfigurationList;
			buildConfigurations = (
				423D89721AEC1A53004EB467 /* Debug */,
				423D89731AEC1A53004EB467 /* Release */,
			);
			defaultConfigurationIsVisible = 0;
			defaultConfigurationName = Release;
		};
		423D89741AEC1A53004EB467 /* Build configuration list for PBXNativeTarget "CancerNavigatorTests" */ = {
			isa = XCConfigurationList;
			buildConfigurations = (
				423D89751AEC1A53004EB467 /* Debug */,
				423D89761AEC1A53004EB467 /* Release */,
			);
			defaultConfigurationIsVisible = 0;
			defaultConfigurationName = Release;
		};
/* End XCConfigurationList section */
	};
	rootObject = 423D894A1AEC1A52004EB467 /* Project object */;
}
